// !$*UTF8*$!
{
	archiveVersion = 1;
	classes = {
	};
	objectVersion = 56;
	objects = {

/* Begin PBXBuildFile section */
		A10001 /* TinyTalkIDEApp.swift in Sources */ = {isa = PBXBuildFile; fileRef = B10001; };
		A10002 /* ContentView.swift in Sources */ = {isa = PBXBuildFile; fileRef = B10002; };
		A10003 /* CodeEditorView.swift in Sources */ = {isa = PBXBuildFile; fileRef = B10003; };
		A10004 /* OutputPanelView.swift in Sources */ = {isa = PBXBuildFile; fileRef = B10004; };
		A10005 /* ToolbarView.swift in Sources */ = {isa = PBXBuildFile; fileRef = B10005; };
		A10006 /* TinyTalkLexer.swift in Sources */ = {isa = PBXBuildFile; fileRef = B10006; };
		A10007 /* SyntaxHighlighter.swift in Sources */ = {isa = PBXBuildFile; fileRef = B10007; };
		A10008 /* TinyTalkAPI.swift in Sources */ = {isa = PBXBuildFile; fileRef = B10008; };
		A10009 /* Theme.swift in Sources */ = {isa = PBXBuildFile; fileRef = B10009; };
		A10010 /* ExamplePrograms.swift in Sources */ = {isa = PBXBuildFile; fileRef = B10010; };
		A10011 /* IDEState.swift in Sources */ = {isa = PBXBuildFile; fileRef = B10011; };
		A10012 /* StatusBarView.swift in Sources */ = {isa = PBXBuildFile; fileRef = B10012; };
		A10013 /* Assets.xcassets in Resources */ = {isa = PBXBuildFile; fileRef = B10013; };
/* End PBXBuildFile section */

/* Begin PBXFileReference section */
		B10001 /* TinyTalkIDEApp.swift */ = {isa = PBXFileReference; lastKnownFileType = sourcecode.swift; path = TinyTalkIDEApp.swift; sourceTree = "<group>"; };
		B10002 /* ContentView.swift */ = {isa = PBXFileReference; lastKnownFileType = sourcecode.swift; path = ContentView.swift; sourceTree = "<group>"; };
		B10003 /* CodeEditorView.swift */ = {isa = PBXFileReference; lastKnownFileType = sourcecode.swift; path = CodeEditorView.swift; sourceTree = "<group>"; };
		B10004 /* OutputPanelView.swift */ = {isa = PBXFileReference; lastKnownFileType = sourcecode.swift; path = OutputPanelView.swift; sourceTree = "<group>"; };
		B10005 /* ToolbarView.swift */ = {isa = PBXFileReference; lastKnownFileType = sourcecode.swift; path = ToolbarView.swift; sourceTree = "<group>"; };
		B10006 /* TinyTalkLexer.swift */ = {isa = PBXFileReference; lastKnownFileType = sourcecode.swift; path = TinyTalkLexer.swift; sourceTree = "<group>"; };
		B10007 /* SyntaxHighlighter.swift */ = {isa = PBXFileReference; lastKnownFileType = sourcecode.swift; path = SyntaxHighlighter.swift; sourceTree = "<group>"; };
		B10008 /* TinyTalkAPI.swift */ = {isa = PBXFileReference; lastKnownFileType = sourcecode.swift; path = TinyTalkAPI.swift; sourceTree = "<group>"; };
		B10009 /* Theme.swift */ = {isa = PBXFileReference; lastKnownFileType = sourcecode.swift; path = Theme.swift; sourceTree = "<group>"; };
		B10010 /* ExamplePrograms.swift */ = {isa = PBXFileReference; lastKnownFileType = sourcecode.swift; path = ExamplePrograms.swift; sourceTree = "<group>"; };
		B10011 /* IDEState.swift */ = {isa = PBXFileReference; lastKnownFileType = sourcecode.swift; path = IDEState.swift; sourceTree = "<group>"; };
		B10012 /* StatusBarView.swift */ = {isa = PBXFileReference; lastKnownFileType = sourcecode.swift; path = StatusBarView.swift; sourceTree = "<group>"; };
		B10013 /* Assets.xcassets */ = {isa = PBXFileReference; lastKnownFileType = folder.assetcatalog; path = Assets.xcassets; sourceTree = "<group>"; };
		B10014 /* TinyTalkIDE.entitlements */ = {isa = PBXFileReference; lastKnownFileType = text.plist.entitlements; path = TinyTalkIDE.entitlements; sourceTree = "<group>"; };
		P10001 /* TinyTalkIDE.app */ = {isa = PBXFileReference; explicitFileType = wrapper.application; includeInIndex = 0; path = TinyTalkIDE.app; sourceTree = BUILT_PRODUCTS_DIR; };
/* End PBXFileReference section */

/* Begin PBXFrameworksBuildPhase section */
		F10001 = {
			isa = PBXFrameworksBuildPhase;
			buildActionMask = 2147483647;
			files = (
			);
			runOnlyForDeploymentPostprocessing = 0;
		};
/* End PBXFrameworksBuildPhase section */

/* Begin PBXGroup section */
		G10001 = {
			isa = PBXGroup;
			children = (
				G10002 /* TinyTalkIDE */,
				G10003 /* Products */,
			);
			sourceTree = "<group>";
		};
		G10002 /* TinyTalkIDE */ = {
			isa = PBXGroup;
			children = (
				B10001 /* TinyTalkIDEApp.swift */,
				B10002 /* ContentView.swift */,
				B10003 /* CodeEditorView.swift */,
				B10004 /* OutputPanelView.swift */,
				B10005 /* ToolbarView.swift */,
				B10006 /* TinyTalkLexer.swift */,
				B10007 /* SyntaxHighlighter.swift */,
				B10008 /* TinyTalkAPI.swift */,
				B10009 /* Theme.swift */,
				B10010 /* ExamplePrograms.swift */,
				B10011 /* IDEState.swift */,
				B10012 /* StatusBarView.swift */,
				B10013 /* Assets.xcassets */,
				B10014 /* TinyTalkIDE.entitlements */,
			);
			path = TinyTalkIDE;
			sourceTree = "<group>";
		};
		G10003 /* Products */ = {
			isa = PBXGroup;
			children = (
				P10001 /* TinyTalkIDE.app */,
			);
			name = Products;
			sourceTree = "<group>";
		};
/* End PBXGroup section */

/* Begin PBXNativeTarget section */
		T10001 /* TinyTalkIDE */ = {
			isa = PBXNativeTarget;
			buildConfigurationList = C10003;
			buildPhases = (
				S10001 /* Sources */,
				F10001 /* Frameworks */,
				R10001 /* Resources */,
			);
			buildRules = (
			);
			dependencies = (
			);
			name = TinyTalkIDE;
			productName = TinyTalkIDE;
			productReference = P10001;
			productType = "com.apple.product-type.application";
		};
/* End PBXNativeTarget section */

/* Begin PBXProject section */
		PR10001 /* Project object */ = {
			isa = PBXProject;
			attributes = {
				BuildIndependentTargetsInParallel = 1;
				LastSwiftUpdateCheck = 1600;
				LastUpgradeCheck = 1600;
				TargetAttributes = {
					T10001 = {
						CreatedOnToolsVersion = 16.3;
					};
				};
			};
			buildConfigurationList = C10001;
			compatibilityVersion = "Xcode 14.0";
			developmentRegion = en;
			hasScannedForEncodings = 0;
			knownRegions = (
				en,
				Base,
			);
			mainGroup = G10001;
			productRefGroup = G10003;
			projectDirPath = "";
			projectRoot = "";
			targets = (
				T10001 /* TinyTalkIDE */,
			);
		};
/* End PBXProject section */

/* Begin PBXResourcesBuildPhase section */
		R10001 = {
			isa = PBXResourcesBuildPhase;
			buildActionMask = 2147483647;
			files = (
				A10013 /* Assets.xcassets in Resources */,
			);
			runOnlyForDeploymentPostprocessing = 0;
		};
/* End PBXResourcesBuildPhase section */

/* Begin PBXSourcesBuildPhase section */
		S10001 = {
			isa = PBXSourcesBuildPhase;
			buildActionMask = 2147483647;
			files = (
				A10001 /* TinyTalkIDEApp.swift in Sources */,
				A10002 /* ContentView.swift in Sources */,
				A10003 /* CodeEditorView.swift in Sources */,
				A10004 /* OutputPanelView.swift in Sources */,
				A10005 /* ToolbarView.swift in Sources */,
				A10006 /* TinyTalkLexer.swift in Sources */,
				A10007 /* SyntaxHighlighter.swift in Sources */,
				A10008 /* TinyTalkAPI.swift in Sources */,
				A10009 /* Theme.swift in Sources */,
				A10010 /* ExamplePrograms.swift in Sources */,
				A10011 /* IDEState.swift in Sources */,
				A10012 /* StatusBarView.swift in Sources */,
			);
			runOnlyForDeploymentPostprocessing = 0;
		};
/* End PBXSourcesBuildPhase section */

/* Begin XCBuildConfiguration section */
		C10D01 /* Debug */ = {
			isa = XCBuildConfiguration;
			buildSettings = {
				ALWAYS_SEARCH_USER_PATHS = NO;
				ASSETCATALOG_COMPILER_GENERATE_SWIFT_ASSET_SYMBOL_EXTENSIONS = YES;
				CLANG_ANALYZER_NONNULL = YES;
				CLANG_ANALYZER_NUMBER_OBJECT_CONVERSION = YES_AGGRESSIVE;
				CLANG_CXX_LANGUAGE_STANDARD = "gnu++20";
				CLANG_ENABLE_MODULES = YES;
				CLANG_ENABLE_OBJC_ARC = YES;
				CLANG_ENABLE_OBJC_WEAK = YES;
				CLANG_WARN_BLOCK_CAPTURE_AUTORELEASING = YES;
				CLANG_WARN_BOOL_CONVERSION = YES;
				CLANG_WARN_COMMA = YES;
				CLANG_WARN_CONSTANT_CONVERSION = YES;
				CLANG_WARN_DEPRECATED_OBJC_IMPLEMENTATIONS = YES;
				CLANG_WARN_DIRECT_OBJC_ISA_USAGE = YES_ERROR;
				CLANG_WARN_DOCUMENTATION_COMMENTS = YES;
				CLANG_WARN_EMPTY_BODY = YES;
				CLANG_WARN_ENUM_CONVERSION = YES;
				CLANG_WARN_INFINITE_RECURSION = YES;
				CLANG_WARN_INT_CONVERSION = YES;
				CLANG_WARN_NON_LITERAL_NULL_CONVERSION = YES;
				CLANG_WARN_OBJC_IMPLICIT_RETAIN_SELF = YES;
				CLANG_WARN_OBJC_LITERAL_CONVERSION = YES;
				CLANG_WARN_OBJC_ROOT_CLASS = YES_ERROR;
				CLANG_WARN_QUOTED_INCLUDE_IN_FRAMEWORK_HEADER = YES;
				CLANG_WARN_RANGE_LOOP_ANALYSIS = YES;
				CLANG_WARN_STRICT_PROTOTYPES = YES;
				CLANG_WARN_SUSPICIOUS_MOVE = YES;
				CLANG_WARN_UNGUARDED_AVAILABILITY = YES_AGGRESSIVE;
				CLANG_WARN_UNREACHABLE_CODE = YES;
				CLANG_WARN__DUPLICATE_METHOD_MATCH = YES;
				COPY_PHASE_STRIP = NO;
				DEBUG_INFORMATION_FORMAT = dwarf;
				ENABLE_STRICT_OBJC_MSGSEND = YES;
				ENABLE_TESTABILITY = YES;
				ENABLE_USER_SCRIPT_SANDBOXING = YES;
				GCC_C_LANGUAGE_STANDARD = gnu17;
				GCC_DYNAMIC_NO_PIC = NO;
				GCC_NO_COMMON_BLOCKS = YES;
				GCC_OPTIMIZATION_LEVEL = 0;
				GCC_PREPROCESSOR_DEFINITIONS = (
					"DEBUG=1",
					"$(inherited)",
				);
				GCC_WARN_64_TO_32_BIT_CONVERSION = YES;
				GCC_WARN_ABOUT_RETURN_TYPE = YES_ERROR;
				GCC_WARN_UNDECLARED_SELECTOR = YES;
				GCC_WARN_UNINITIALIZED_AUTOS = YES_AGGRESSIVE;
				GCC_WARN_UNUSED_FUNCTION = YES;
				GCC_WARN_UNUSED_VARIABLE = YES;
				MACOSX_DEPLOYMENT_TARGET = 14.0;
				MTL_ENABLE_DEBUG_INFO = INCLUDE_SOURCE;
				MTL_FAST_MATH = YES;
				ONLY_ACTIVE_ARCH = YES;
				SDKROOT = macosx;
				SWIFT_ACTIVE_COMPILATION_CONDITIONS = "$(inherited) DEBUG";
				SWIFT_OPTIMIZATION_LEVEL = "-Onone";
			};
			name = Debug;
		};
		C10R01 /* Release */ = {
			isa = XCBuildConfiguration;
			buildSettings = {
				ALWAYS_SEARCH_USER_PATHS = NO;
				ASSETCATALOG_COMPILER_GENERATE_SWIFT_ASSET_SYMBOL_EXTENSIONS = YES;
				CLANG_ANALYZER_NONNULL = YES;
				CLANG_ANALYZER_NUMBER_OBJECT_CONVERSION = YES_AGGRESSIVE;
				CLANG_CXX_LANGUAGE_STANDARD = "gnu++20";
				CLANG_ENABLE_MODULES = YES;
				CLANG_ENABLE_OBJC_ARC = YES;
				CLANG_ENABLE_OBJC_WEAK = YES;
				CLANG_WARN_BLOCK_CAPTURE_AUTORELEASING = YES;
				CLANG_WARN_BOOL_CONVERSION = YES;
				CLANG_WARN_COMMA = YES;
				CLANG_WARN_CONSTANT_CONVERSION = YES;
				CLANG_WARN_DEPRECATED_OBJC_IMPLEMENTATIONS = YES;
				CLANG_WARN_DIRECT_OBJC_ISA_USAGE = YES_ERROR;
				CLANG_WARN_DOCUMENTATION_COMMENTS = YES;
				CLANG_WARN_EMPTY_BODY = YES;
				CLANG_WARN_ENUM_CONVERSION = YES;
				CLANG_WARN_INFINITE_RECURSION = YES;
				CLANG_WARN_INT_CONVERSION = YES;
				CLANG_WARN_NON_LITERAL_NULL_CONVERSION = YES;
				CLANG_WARN_OBJC_IMPLICIT_RETAIN_SELF = YES;
				CLANG_WARN_OBJC_LITERAL_CONVERSION = YES;
				CLANG_WARN_OBJC_ROOT_CLASS = YES_ERROR;
				CLANG_WARN_QUOTED_INCLUDE_IN_FRAMEWORK_HEADER = YES;
				CLANG_WARN_RANGE_LOOP_ANALYSIS = YES;
				CLANG_WARN_STRICT_PROTOTYPES = YES;
				CLANG_WARN_SUSPICIOUS_MOVE = YES;
				CLANG_WARN_UNGUARDED_AVAILABILITY = YES_AGGRESSIVE;
				CLANG_WARN_UNREACHABLE_CODE = YES;
				CLANG_WARN__DUPLICATE_METHOD_MATCH = YES;
				COPY_PHASE_STRIP = NO;
				DEBUG_INFORMATION_FORMAT = "dwarf-with-dsym";
				ENABLE_NS_ASSERTIONS = NO;
				ENABLE_STRICT_OBJC_MSGSEND = YES;
				ENABLE_USER_SCRIPT_SANDBOXING = YES;
				GCC_C_LANGUAGE_STANDARD = gnu17;
				GCC_NO_COMMON_BLOCKS = YES;
				GCC_WARN_64_TO_32_BIT_CONVERSION = YES;
				GCC_WARN_ABOUT_RETURN_TYPE = YES_ERROR;
				GCC_WARN_UNDECLARED_SELECTOR = YES;
				GCC_WARN_UNINITIALIZED_AUTOS = YES_AGGRESSIVE;
				GCC_WARN_UNUSED_FUNCTION = YES;
				GCC_WARN_UNUSED_VARIABLE = YES;
				MACOSX_DEPLOYMENT_TARGET = 14.0;
				MTL_ENABLE_DEBUG_INFO = NO;
				MTL_FAST_MATH = YES;
				SDKROOT = macosx;
				SWIFT_COMPILATION_MODE = wholemodule;
			};
			name = Release;
		};
		C10D02 /* Debug */ = {
			isa = XCBuildConfiguration;
			buildSettings = {
				ASSETCATALOG_COMPILER_APPICON_NAME = AppIcon;
				ASSETCATALOG_COMPILER_GLOBAL_ACCENT_COLOR_NAME = AccentColor;
				CODE_SIGN_ENTITLEMENTS = TinyTalkIDE/TinyTalkIDE.entitlements;
				CODE_SIGN_STYLE = Automatic;
				COMBINE_HIDPI_IMAGES = YES;
				CURRENT_PROJECT_VERSION = 1;
				DEVELOPMENT_TEAM = "";
				ENABLE_HARDENED_RUNTIME = YES;
				GENERATE_INFOPLIST_FILE = YES;
				INFOPLIST_KEY_LSApplicationCategoryType = "public.app-category.developer-tools";
				INFOPLIST_KEY_NSHumanReadableCopyright = "Copyright 2026 TinyTalk. All rights reserved.";
				LD_RUNPATH_SEARCH_PATHS = (
					"$(inherited)",
					"@executable_path/../Frameworks",
				);
				MARKETING_VERSION = 1.0;
				PRODUCT_BUNDLE_IDENTIFIER = com.tinytalk.ide;
				PRODUCT_NAME = "$(TARGET_NAME)";
				SWIFT_EMIT_LOC_STRINGS = YES;
				SWIFT_VERSION = 5.0;
			};
			name = Debug;
		};
		C10R02 /* Release */ = {
			isa = XCBuildConfiguration;
			buildSettings = {
				ASSETCATALOG_COMPILER_APPICON_NAME = AppIcon;
				ASSETCATALOG_COMPILER_GLOBAL_ACCENT_COLOR_NAME = AccentColor;
				CODE_SIGN_ENTITLEMENTS = TinyTalkIDE/TinyTalkIDE.entitlements;
				CODE_SIGN_STYLE = Automatic;
				COMBINE_HIDPI_IMAGES = YES;
				CURRENT_PROJECT_VERSION = 1;
				DEVELOPMENT_TEAM = "";
				ENABLE_HARDENED_RUNTIME = YES;
				GENERATE_INFOPLIST_FILE = YES;
				INFOPLIST_KEY_LSApplicationCategoryType = "public.app-category.developer-tools";
				INFOPLIST_KEY_NSHumanReadableCopyright = "Copyright 2026 TinyTalk. All rights reserved.";
				LD_RUNPATH_SEARCH_PATHS = (
					"$(inherited)",
					"@executable_path/../Frameworks",
				);
				MARKETING_VERSION = 1.0;
				PRODUCT_BUNDLE_IDENTIFIER = com.tinytalk.ide;
				PRODUCT_NAME = "$(TARGET_NAME)";
				SWIFT_EMIT_LOC_STRINGS = YES;
				SWIFT_VERSION = 5.0;
			};
			name = Release;
		};
/* End XCBuildConfiguration section */

/* Begin XCConfigurationList section */
		C10001 = {
			isa = XCConfigurationList;
			buildConfigurations = (
				C10D01 /* Debug */,
				C10R01 /* Release */,
			);
			defaultConfigurationIsVisible = 0;
			defaultConfigurationName = Release;
		};
		C10003 = {
			isa = XCConfigurationList;
			buildConfigurations = (
				C10D02 /* Debug */,
				C10R02 /* Release */,
			);
			defaultConfigurationIsVisible = 0;
			defaultConfigurationName = Release;
		};
/* End XCConfigurationList section */
	};
	rootObject = PR10001 /* Project object */;
}
